
Microsoft Visual Studio Solution File, Format Version 12.00
# Visual Studio Version 17
VisualStudioVersion = 17.0.31903.59
MinimumVisualStudioVersion = 10.0.40219.1
Project("{FAE04EC0-301F-11D3-BF4B-00C04F79EFBC}") = "uxnasm", "uxnasm\uxnasm.csproj", "{853CA379-A468-47CD-9668-229D4F175C16}"
EndProject
Project("{FAE04EC0-301F-11D3-BF4B-00C04F79EFBC}") = "uxn", "uxn\uxn.csproj", "{666EC5E3-F589-4E81-89A2-B0E7C1C62AC7}"
EndProject
Global
	GlobalSection(SolutionConfigurationPlatforms) = preSolution
		Debug|Any CPU = Debug|Any CPU
		Release|Any CPU = Release|Any CPU
	EndGlobalSection
	GlobalSection(SolutionProperties) = preSolution
		HideSolutionNode = FALSE
	EndGlobalSection
	GlobalSection(ProjectConfigurationPlatforms) = postSolution
		{853CA379-A468-47CD-9668-229D4F175C16}.Debug|Any CPU.ActiveCfg = Debug|Any CPU
		{853CA379-A468-47CD-9668-229D4F175C16}.Debug|Any CPU.Build.0 = Debug|Any CPU
		{853CA379-A468-47CD-9668-229D4F175C16}.Release|Any CPU.ActiveCfg = Release|Any CPU
		{853CA379-A468-47CD-9668-229D4F175C16}.Release|Any CPU.Build.0 = Release|Any CPU
		{666EC5E3-F589-4E81-89A2-B0E7C1C62AC7}.Debug|Any CPU.ActiveCfg = Debug|Any CPU
		{666EC5E3-F589-4E81-89A2-B0E7C1C62AC7}.Debug|Any CPU.Build.0 = Debug|Any CPU
		{666EC5E3-F589-4E81-89A2-B0E7C1C62AC7}.Release|Any CPU.ActiveCfg = Release|Any CPU
		{666EC5E3-F589-4E81-89A2-B0E7C1C62AC7}.Release|Any CPU.Build.0 = Release|Any CPU
	EndGlobalSection
EndGlobal
